
Microsoft Visual Studio Solution File, Format Version 12.00
# Visual Studio Version 17
VisualStudioVersion = 17.13.35931.197 d17.13
MinimumVisualStudioVersion = 10.0.40219.1
Project("{FAE04EC0-301F-11D3-BF4B-00C04F79EFBC}") = "ClinicManagementSystem.Backend", "ClinicManagementSystem.Backend\ClinicManagementSystem.Backend.csproj", "{0E2ADCA8-5A94-4250-B249-A7C45C398581}"
EndProject
Global
	GlobalSection(SolutionConfigurationPlatforms) = preSolution
		Debug|Any CPU = Debug|Any CPU
		Release|Any CPU = Release|Any CPU
	EndGlobalSection
	GlobalSection(ProjectConfigurationPlatforms) = postSolution
		{0E2ADCA8-5A94-4250-B249-A7C45C398581}.Debug|Any CPU.ActiveCfg = Debug|Any CPU
		{0E2ADCA8-5A94-4250-B249-A7C45C398581}.Debug|Any CPU.Build.0 = Debug|Any CPU
		{0E2ADCA8-5A94-4250-B249-A7C45C398581}.Release|Any CPU.ActiveCfg = Release|Any CPU
		{0E2ADCA8-5A94-4250-B249-A7C45C398581}.Release|Any CPU.Build.0 = Release|Any CPU
	EndGlobalSection
	GlobalSection(SolutionProperties) = preSolution
		HideSolutionNode = FALSE
	EndGlobalSection
	GlobalSection(ExtensibilityGlobals) = postSolution
		SolutionGuid = {4CE0A0FB-D84F-4E15-B521-1B24E58121C8}
	EndGlobalSection
EndGlobal
